// !$*UTF8*$!
{
	archiveVersion = 1;
	classes = {
	};
	objectVersion = 77;
	objects = {

/* Begin PBXBuildFile section */
		FD1358942EE6FF6A00081FB3 /* FirebaseMessaging in Frameworks */ = {isa = PBXBuildFile; productRef = FD1358932EE6FF6A00081FB3 /* FirebaseMessaging */; };
		FD7C574E2ED998E800C7271A /* FirebaseAuth in Frameworks */ = {isa = PBXBuildFile; productRef = FD7C574D2ED998E800C7271A /* FirebaseAuth */; };
		FD7C57502ED998E800C7271A /* FirebaseCore in Frameworks */ = {isa = PBXBuildFile; productRef = FD7C574F2ED998E800C7271A /* FirebaseCore */; };
		FD7C57522ED998E800C7271A /* FirebaseDatabase in Frameworks */ = {isa = PBXBuildFile; productRef = FD7C57512ED998E800C7271A /* FirebaseDatabase */; };
		FD7C57542ED998E800C7271A /* FirebaseFirestore in Frameworks */ = {isa = PBXBuildFile; productRef = FD7C57532ED998E800C7271A /* FirebaseFirestore */; };
		FD7C57572ED9992600C7271A /* GoogleSignIn in Frameworks */ = {isa = PBXBuildFile; productRef = FD7C57562ED9992600C7271A /* GoogleSignIn */; };
		FD7C57592ED9992600C7271A /* GoogleSignInSwift in Frameworks */ = {isa = PBXBuildFile; productRef = FD7C57582ED9992600C7271A /* GoogleSignInSwift */; };
		FD7C575F2ED99FC400C7271A /* FirebaseAnalytics in Frameworks */ = {isa = PBXBuildFile; productRef = FD7C575E2ED99FC400C7271A /* FirebaseAnalytics */; };
		FD7C57872EDAF7E900C7271A /* FirebaseStorage in Frameworks */ = {isa = PBXBuildFile; productRef = FD7C57862EDAF7E900C7271A /* FirebaseStorage */; };
		FD7C785E2F2691EE00A58647 /* MetaAdapterTarget in Frameworks */ = {isa = PBXBuildFile; productRef = FD7C785D2F2691EE00A58647 /* MetaAdapterTarget */; };
		FD7DAF1B2EDDA40200859385 /* GoogleMobileAds in Frameworks */ = {isa = PBXBuildFile; productRef = FD7DAF1A2EDDA40200859385 /* GoogleMobileAds */; };
		FD8C6E852EF736C800F207B7 /* FirebaseFunctions in Frameworks */ = {isa = PBXBuildFile; productRef = FD8C6E842EF736C800F207B7 /* FirebaseFunctions */; };
		FD8C6E8D2EF8E22300F207B7 /* Lottie in Frameworks */ = {isa = PBXBuildFile; productRef = FD8C6E8C2EF8E22300F207B7 /* Lottie */; };
		FDFACF3A2EE9AD8900A62410 /* FirebaseAppCheck in Frameworks */ = {isa = PBXBuildFile; productRef = FDFACF392EE9AD8900A62410 /* FirebaseAppCheck */; };
		FDFACF442EEC4CCB00A62410 /* FirebaseRemoteConfig in Frameworks */ = {isa = PBXBuildFile; productRef = FDFACF432EEC4CCB00A62410 /* FirebaseRemoteConfig */; };
/* End PBXBuildFile section */

/* Begin PBXContainerItemProxy section */
		FD7C57112ED84DD500C7271A /* PBXContainerItemProxy */ = {
			isa = PBXContainerItemProxy;
			containerPortal = FD7C56FB2ED84DD300C7271A /* Project object */;
			proxyType = 1;
			remoteGlobalIDString = FD7C57022ED84DD300C7271A;
			remoteInfo = Ziola;
		};
		FD7C571B2ED84DD500C7271A /* PBXContainerItemProxy */ = {
			isa = PBXContainerItemProxy;
			containerPortal = FD7C56FB2ED84DD300C7271A /* Project object */;
			proxyType = 1;
			remoteGlobalIDString = FD7C57022ED84DD300C7271A;
			remoteInfo = Ziola;
		};
/* End PBXContainerItemProxy section */

/* Begin PBXFileReference section */
		FD7C57032ED84DD300C7271A /* Ziola.app */ = {isa = PBXFileReference; explicitFileType = wrapper.application; includeInIndex = 0; path = Ziola.app; sourceTree = BUILT_PRODUCTS_DIR; };
		FD7C57102ED84DD500C7271A /* ZiolaTests.xctest */ = {isa = PBXFileReference; explicitFileType = wrapper.cfbundle; includeInIndex = 0; path = ZiolaTests.xctest; sourceTree = BUILT_PRODUCTS_DIR; };
		FD7C571A2ED84DD500C7271A /* ZiolaUITests.xctest */ = {isa = PBXFileReference; explicitFileType = wrapper.cfbundle; includeInIndex = 0; path = ZiolaUITests.xctest; sourceTree = BUILT_PRODUCTS_DIR; };
/* End PBXFileReference section */

/* Begin PBXFileSystemSynchronizedBuildFileExceptionSet section */
		FD7C57852ED9A55E00C7271A /* Exceptions for "Ziola" folder in "Ziola" target */ = {
			isa = PBXFileSystemSynchronizedBuildFileExceptionSet;
			membershipExceptions = (
				Info.plist,
			);
			target = FD7C57022ED84DD300C7271A /* Ziola */;
		};
/* End PBXFileSystemSynchronizedBuildFileExceptionSet section */

/* Begin PBXFileSystemSynchronizedRootGroup section */
		FD7C57052ED84DD300C7271A /* Ziola */ = {
			isa = PBXFileSystemSynchronizedRootGroup;
			exceptions = (
				FD7C57852ED9A55E00C7271A /* Exceptions for "Ziola" folder in "Ziola" target */,
			);
			path = Ziola;
			sourceTree = "<group>";
		};
		FD7C57132ED84DD500C7271A /* ZiolaTests */ = {
			isa = PBXFileSystemSynchronizedRootGroup;
			path = ZiolaTests;
			sourceTree = "<group>";
		};
		FD7C571D2ED84DD500C7271A /* ZiolaUITests */ = {
			isa = PBXFileSystemSynchronizedRootGroup;
			path = ZiolaUITests;
			sourceTree = "<group>";
		};
/* End PBXFileSystemSynchronizedRootGroup section */

/* Begin PBXFrameworksBuildPhase section */
		FD7C57002ED84DD300C7271A /* Frameworks */ = {
			isa = PBXFrameworksBuildPhase;
			buildActionMask = 2147483647;
			files = (
				FD7C575F2ED99FC400C7271A /* FirebaseAnalytics in Frameworks */,
				FD8C6E8D2EF8E22300F207B7 /* Lottie in Frameworks */,
				FD7C57572ED9992600C7271A /* GoogleSignIn in Frameworks */,
				FD1358942EE6FF6A00081FB3 /* FirebaseMessaging in Frameworks */,
				FD7C785E2F2691EE00A58647 /* MetaAdapterTarget in Frameworks */,
				FDFACF442EEC4CCB00A62410 /* FirebaseRemoteConfig in Frameworks */,
				FD7C57522ED998E800C7271A /* FirebaseDatabase in Frameworks */,
				FD7DAF1B2EDDA40200859385 /* GoogleMobileAds in Frameworks */,
				FD7C57542ED998E800C7271A /* FirebaseFirestore in Frameworks */,
				FD7C57592ED9992600C7271A /* GoogleSignInSwift in Frameworks */,
				FD7C57872EDAF7E900C7271A /* FirebaseStorage in Frameworks */,
				FD8C6E852EF736C800F207B7 /* FirebaseFunctions in Frameworks */,
				FD7C57502ED998E800C7271A /* FirebaseCore in Frameworks */,
				FD7C574E2ED998E800C7271A /* FirebaseAuth in Frameworks */,
				FDFACF3A2EE9AD8900A62410 /* FirebaseAppCheck in Frameworks */,
			);
			runOnlyForDeploymentPostprocessing = 0;
		};
		FD7C570D2ED84DD500C7271A /* Frameworks */ = {
			isa = PBXFrameworksBuildPhase;
			buildActionMask = 2147483647;
			files = (
			);
			runOnlyForDeploymentPostprocessing = 0;
		};
		FD7C57172ED84DD500C7271A /* Frameworks */ = {
			isa = PBXFrameworksBuildPhase;
			buildActionMask = 2147483647;
			files = (
			);
			runOnlyForDeploymentPostprocessing = 0;
		};
/* End PBXFrameworksBuildPhase section */

/* Begin PBXGroup section */
		FD1358922EE6FF6A00081FB3 /* Frameworks */ = {
			isa = PBXGroup;
			children = (
			);
			name = Frameworks;
			sourceTree = "<group>";
		};
		FD7C56FA2ED84DD300C7271A = {
			isa = PBXGroup;
			children = (
				FD7C57052ED84DD300C7271A /* Ziola */,
				FD7C57132ED84DD500C7271A /* ZiolaTests */,
				FD7C571D2ED84DD500C7271A /* ZiolaUITests */,
				FD1358922EE6FF6A00081FB3 /* Frameworks */,
				FD7C57042ED84DD300C7271A /* Products */,
			);
			sourceTree = "<group>";
		};
		FD7C57042ED84DD300C7271A /* Products */ = {
			isa = PBXGroup;
			children = (
				FD7C57032ED84DD300C7271A /* Ziola.app */,
				FD7C57102ED84DD500C7271A /* ZiolaTests.xctest */,
				FD7C571A2ED84DD500C7271A /* ZiolaUITests.xctest */,
			);
			name = Products;
			sourceTree = "<group>";
		};
/* End PBXGroup section */

/* Begin PBXNativeTarget section */
		FD7C57022ED84DD300C7271A /* Ziola */ = {
			isa = PBXNativeTarget;
			buildConfigurationList = FD7C57242ED84DD500C7271A /* Build configuration list for PBXNativeTarget "Ziola" */;
			buildPhases = (
				FD7C56FF2ED84DD300C7271A /* Sources */,
				FD7C57002ED84DD300C7271A /* Frameworks */,
				FD7C57012ED84DD300C7271A /* Resources */,
			);
			buildRules = (
			);
			dependencies = (
			);
			fileSystemSynchronizedGroups = (
				FD7C57052ED84DD300C7271A /* Ziola */,
			);
			name = Ziola;
			packageProductDependencies = (
				FD7C574D2ED998E800C7271A /* FirebaseAuth */,
				FD7C574F2ED998E800C7271A /* FirebaseCore */,
				FD7C57512ED998E800C7271A /* FirebaseDatabase */,
				FD7C57532ED998E800C7271A /* FirebaseFirestore */,
				FD7C57562ED9992600C7271A /* GoogleSignIn */,
				FD7C57582ED9992600C7271A /* GoogleSignInSwift */,
				FD7C575E2ED99FC400C7271A /* FirebaseAnalytics */,
				FD7C57862EDAF7E900C7271A /* FirebaseStorage */,
				FD7DAF1A2EDDA40200859385 /* GoogleMobileAds */,
				FD1358932EE6FF6A00081FB3 /* FirebaseMessaging */,
				FDFACF392EE9AD8900A62410 /* FirebaseAppCheck */,
				FDFACF432EEC4CCB00A62410 /* FirebaseRemoteConfig */,
				FD8C6E842EF736C800F207B7 /* FirebaseFunctions */,
				FD8C6E8C2EF8E22300F207B7 /* Lottie */,
				FD7C785D2F2691EE00A58647 /* MetaAdapterTarget */,
			);
			productName = Ziola;
			productReference = FD7C57032ED84DD300C7271A /* Ziola.app */;
			productType = "com.apple.product-type.application";
		};
		FD7C570F2ED84DD500C7271A /* ZiolaTests */ = {
			isa = PBXNativeTarget;
			buildConfigurationList = FD7C57272ED84DD500C7271A /* Build configuration list for PBXNativeTarget "ZiolaTests" */;
			buildPhases = (
				FD7C570C2ED84DD500C7271A /* Sources */,
				FD7C570D2ED84DD500C7271A /* Frameworks */,
				FD7C570E2ED84DD500C7271A /* Resources */,
			);
			buildRules = (
			);
			dependencies = (
				FD7C57122ED84DD500C7271A /* PBXTargetDependency */,
			);
			fileSystemSynchronizedGroups = (
				FD7C57132ED84DD500C7271A /* ZiolaTests */,
			);
			name = ZiolaTests;
			packageProductDependencies = (
			);
			productName = ZiolaTests;
			productReference = FD7C57102ED84DD500C7271A /* ZiolaTests.xctest */;
			productType = "com.apple.product-type.bundle.unit-test";
		};
		FD7C57192ED84DD500C7271A /* ZiolaUITests */ = {
			isa = PBXNativeTarget;
			buildConfigurationList = FD7C572A2ED84DD500C7271A /* Build configuration list for PBXNativeTarget "ZiolaUITests" */;
			buildPhases = (
				FD7C57162ED84DD500C7271A /* Sources */,
				FD7C57172ED84DD500C7271A /* Frameworks */,
				FD7C57182ED84DD500C7271A /* Resources */,
			);
			buildRules = (
			);
			dependencies = (
				FD7C571C2ED84DD500C7271A /* PBXTargetDependency */,
			);
			fileSystemSynchronizedGroups = (
				FD7C571D2ED84DD500C7271A /* ZiolaUITests */,
			);
			name = ZiolaUITests;
			packageProductDependencies = (
			);
			productName = ZiolaUITests;
			productReference = FD7C571A2ED84DD500C7271A /* ZiolaUITests.xctest */;
			productType = "com.apple.product-type.bundle.ui-testing";
		};
/* End PBXNativeTarget section */

/* Begin PBXProject section */
		FD7C56FB2ED84DD300C7271A /* Project object */ = {
			isa = PBXProject;
			attributes = {
				BuildIndependentTargetsInParallel = 1;
				LastSwiftUpdateCheck = 2610;
				LastUpgradeCheck = 2620;
				TargetAttributes = {
					FD7C57022ED84DD300C7271A = {
						CreatedOnToolsVersion = 26.1.1;
					};
					FD7C570F2ED84DD500C7271A = {
						CreatedOnToolsVersion = 26.1.1;
						TestTargetID = FD7C57022ED84DD300C7271A;
					};
					FD7C57192ED84DD500C7271A = {
						CreatedOnToolsVersion = 26.1.1;
						TestTargetID = FD7C57022ED84DD300C7271A;
					};
				};
			};
			buildConfigurationList = FD7C56FE2ED84DD300C7271A /* Build configuration list for PBXProject "Ziola" */;
			developmentRegion = en;
			hasScannedForEncodings = 0;
			knownRegions = (
				en,
				Base,
				ja,
				ko,
				es,
				fr,
			);
			mainGroup = FD7C56FA2ED84DD300C7271A;
			minimizedProjectReferenceProxies = 1;
			packageReferences = (
				FD7C574C2ED998E800C7271A /* XCRemoteSwiftPackageReference "firebase-ios-sdk" */,
				FD7C57552ED9992600C7271A /* XCRemoteSwiftPackageReference "GoogleSignIn-iOS" */,
				FD7DAF192EDDA40200859385 /* XCRemoteSwiftPackageReference "swift-package-manager-google-mobile-ads" */,
				FD8C6E8B2EF8E22300F207B7 /* XCRemoteSwiftPackageReference "lottie-ios" */,
				FD7C785C2F2691EE00A58647 /* XCRemoteSwiftPackageReference "googleads-mobile-ios-mediation-meta" */,
			);
			preferredProjectObjectVersion = 77;
			productRefGroup = FD7C57042ED84DD300C7271A /* Products */;
			projectDirPath = "";
			projectRoot = "";
			targets = (
				FD7C57022ED84DD300C7271A /* Ziola */,
				FD7C570F2ED84DD500C7271A /* ZiolaTests */,
				FD7C57192ED84DD500C7271A /* ZiolaUITests */,
			);
		};
/* End PBXProject section */

/* Begin PBXResourcesBuildPhase section */
		FD7C57012ED84DD300C7271A /* Resources */ = {
			isa = PBXResourcesBuildPhase;
			buildActionMask = 2147483647;
			files = (
			);
			runOnlyForDeploymentPostprocessing = 0;
		};
		FD7C570E2ED84DD500C7271A /* Resources */ = {
			isa = PBXResourcesBuildPhase;
			buildActionMask = 2147483647;
			files = (
			);
			runOnlyForDeploymentPostprocessing = 0;
		};
		FD7C57182ED84DD500C7271A /* Resources */ = {
			isa = PBXResourcesBuildPhase;
			buildActionMask = 2147483647;
			files = (
			);
			runOnlyForDeploymentPostprocessing = 0;
		};
/* End PBXResourcesBuildPhase section */

/* Begin PBXSourcesBuildPhase section */
		FD7C56FF2ED84DD300C7271A /* Sources */ = {
			isa = PBXSourcesBuildPhase;
			buildActionMask = 2147483647;
			files = (
			);
			runOnlyForDeploymentPostprocessing = 0;
		};
		FD7C570C2ED84DD500C7271A /* Sources */ = {
			isa = PBXSourcesBuildPhase;
			buildActionMask = 2147483647;
			files = (
			);
			runOnlyForDeploymentPostprocessing = 0;
		};
		FD7C57162ED84DD500C7271A /* Sources */ = {
			isa = PBXSourcesBuildPhase;
			buildActionMask = 2147483647;
			files = (
			);
			runOnlyForDeploymentPostprocessing = 0;
		};
/* End PBXSourcesBuildPhase section */

/* Begin PBXTargetDependency section */
		FD7C57122ED84DD500C7271A /* PBXTargetDependency */ = {
			isa = PBXTargetDependency;
			target = FD7C57022ED84DD300C7271A /* Ziola */;
			targetProxy = FD7C57112ED84DD500C7271A /* PBXContainerItemProxy */;
		};
		FD7C571C2ED84DD500C7271A /* PBXTargetDependency */ = {
			isa = PBXTargetDependency;
			target = FD7C57022ED84DD300C7271A /* Ziola */;
			targetProxy = FD7C571B2ED84DD500C7271A /* PBXContainerItemProxy */;
		};
/* End PBXTargetDependency section */

/* Begin XCBuildConfiguration section */
		FD7C57222ED84DD500C7271A /* Debug */ = {
			isa = XCBuildConfiguration;
			buildSettings = {
				ALWAYS_SEARCH_USER_PATHS = NO;
				ASSETCATALOG_COMPILER_GENERATE_SWIFT_ASSET_SYMBOL_EXTENSIONS = YES;
				CLANG_ANALYZER_LOCALIZABILITY_NONLOCALIZED = YES;
				CLANG_ANALYZER_NONNULL = YES;
				CLANG_ANALYZER_NUMBER_OBJECT_CONVERSION = YES_AGGRESSIVE;
				CLANG_CXX_LANGUAGE_STANDARD = "gnu++20";
				CLANG_ENABLE_MODULES = YES;
				CLANG_ENABLE_OBJC_ARC = YES;
				CLANG_ENABLE_OBJC_WEAK = YES;
				CLANG_WARN_BLOCK_CAPTURE_AUTORELEASING = YES;
				CLANG_WARN_BOOL_CONVERSION = YES;
				CLANG_WARN_COMMA = YES;
				CLANG_WARN_CONSTANT_CONVERSION = YES;
				CLANG_WARN_DEPRECATED_OBJC_IMPLEMENTATIONS = YES;
				CLANG_WARN_DIRECT_OBJC_ISA_USAGE = YES_ERROR;
				CLANG_WARN_DOCUMENTATION_COMMENTS = YES;
				CLANG_WARN_EMPTY_BODY = YES;
				CLANG_WARN_ENUM_CONVERSION = YES;
				CLANG_WARN_INFINITE_RECURSION = YES;
				CLANG_WARN_INT_CONVERSION = YES;
				CLANG_WARN_NON_LITERAL_NULL_CONVERSION = YES;
				CLANG_WARN_OBJC_IMPLICIT_RETAIN_SELF = YES;
				CLANG_WARN_OBJC_LITERAL_CONVERSION = YES;
				CLANG_WARN_OBJC_ROOT_CLASS = YES_ERROR;
				CLANG_WARN_QUOTED_INCLUDE_IN_FRAMEWORK_HEADER = YES;
				CLANG_WARN_RANGE_LOOP_ANALYSIS = YES;
				CLANG_WARN_STRICT_PROTOTYPES = YES;
				CLANG_WARN_SUSPICIOUS_MOVE = YES;
				CLANG_WARN_UNGUARDED_AVAILABILITY = YES_AGGRESSIVE;
				CLANG_WARN_UNREACHABLE_CODE = YES;
				CLANG_WARN__DUPLICATE_METHOD_MATCH = YES;
				COPY_PHASE_STRIP = NO;
				DEBUG_INFORMATION_FORMAT = dwarf;
				DEVELOPMENT_TEAM = Y3S8GX225D;
				ENABLE_STRICT_OBJC_MSGSEND = YES;
				ENABLE_TESTABILITY = YES;
				ENABLE_USER_SCRIPT_SANDBOXING = YES;
				GCC_C_LANGUAGE_STANDARD = gnu17;
				GCC_DYNAMIC_NO_PIC = NO;
				GCC_NO_COMMON_BLOCKS = YES;
				GCC_OPTIMIZATION_LEVEL = 0;
				GCC_PREPROCESSOR_DEFINITIONS = (
					"DEBUG=1",
					"$(inherited)",
				);
				GCC_WARN_64_TO_32_BIT_CONVERSION = YES;
				GCC_WARN_ABOUT_RETURN_TYPE = YES_ERROR;
				GCC_WARN_UNDECLARED_SELECTOR = YES;
				GCC_WARN_UNINITIALIZED_AUTOS = YES_AGGRESSIVE;
				GCC_WARN_UNUSED_FUNCTION = YES;
				GCC_WARN_UNUSED_VARIABLE = YES;
				IPHONEOS_DEPLOYMENT_TARGET = 26.1;
				LOCALIZATION_PREFERS_STRING_CATALOGS = YES;
				MTL_ENABLE_DEBUG_INFO = INCLUDE_SOURCE;
				MTL_FAST_MATH = YES;
				ONLY_ACTIVE_ARCH = YES;
				SDKROOT = iphoneos;
				STRING_CATALOG_GENERATE_SYMBOLS = YES;
				SWIFT_ACTIVE_COMPILATION_CONDITIONS = "DEBUG $(inherited)";
				SWIFT_OPTIMIZATION_LEVEL = "-Onone";
			};
			name = Debug;
		};
		FD7C57232ED84DD500C7271A /* Release */ = {
			isa = XCBuildConfiguration;
			buildSettings = {
				ALWAYS_SEARCH_USER_PATHS = NO;
				ASSETCATALOG_COMPILER_GENERATE_SWIFT_ASSET_SYMBOL_EXTENSIONS = YES;
				CLANG_ANALYZER_LOCALIZABILITY_NONLOCALIZED = YES;
				CLANG_ANALYZER_NONNULL = YES;
				CLANG_ANALYZER_NUMBER_OBJECT_CONVERSION = YES_AGGRESSIVE;
				CLANG_CXX_LANGUAGE_STANDARD = "gnu++20";
				CLANG_ENABLE_MODULES = YES;
				CLANG_ENABLE_OBJC_ARC = YES;
				CLANG_ENABLE_OBJC_WEAK = YES;
				CLANG_WARN_BLOCK_CAPTURE_AUTORELEASING = YES;
				CLANG_WARN_BOOL_CONVERSION = YES;
				CLANG_WARN_COMMA = YES;
				CLANG_WARN_CONSTANT_CONVERSION = YES;
				CLANG_WARN_DEPRECATED_OBJC_IMPLEMENTATIONS = YES;
				CLANG_WARN_DIRECT_OBJC_ISA_USAGE = YES_ERROR;
				CLANG_WARN_DOCUMENTATION_COMMENTS = YES;
				CLANG_WARN_EMPTY_BODY = YES;
				CLANG_WARN_ENUM_CONVERSION = YES;
				CLANG_WARN_INFINITE_RECURSION = YES;
				CLANG_WARN_INT_CONVERSION = YES;
				CLANG_WARN_NON_LITERAL_NULL_CONVERSION = YES;
				CLANG_WARN_OBJC_IMPLICIT_RETAIN_SELF = YES;
				CLANG_WARN_OBJC_LITERAL_CONVERSION = YES;
				CLANG_WARN_OBJC_ROOT_CLASS = YES_ERROR;
				CLANG_WARN_QUOTED_INCLUDE_IN_FRAMEWORK_HEADER = YES;
				CLANG_WARN_RANGE_LOOP_ANALYSIS = YES;
				CLANG_WARN_STRICT_PROTOTYPES = YES;
				CLANG_WARN_SUSPICIOUS_MOVE = YES;
				CLANG_WARN_UNGUARDED_AVAILABILITY = YES_AGGRESSIVE;
				CLANG_WARN_UNREACHABLE_CODE = YES;
				CLANG_WARN__DUPLICATE_METHOD_MATCH = YES;
				COPY_PHASE_STRIP = NO;
				DEBUG_INFORMATION_FORMAT = "dwarf-with-dsym";
				DEVELOPMENT_TEAM = Y3S8GX225D;
				ENABLE_NS_ASSERTIONS = NO;
				ENABLE_STRICT_OBJC_MSGSEND = YES;
				ENABLE_USER_SCRIPT_SANDBOXING = YES;
				GCC_C_LANGUAGE_STANDARD = gnu17;
				GCC_NO_COMMON_BLOCKS = YES;
				GCC_WARN_64_TO_32_BIT_CONVERSION = YES;
				GCC_WARN_ABOUT_RETURN_TYPE = YES_ERROR;
				GCC_WARN_UNDECLARED_SELECTOR = YES;
				GCC_WARN_UNINITIALIZED_AUTOS = YES_AGGRESSIVE;
				GCC_WARN_UNUSED_FUNCTION = YES;
				GCC_WARN_UNUSED_VARIABLE = YES;
				IPHONEOS_DEPLOYMENT_TARGET = 26.1;
				LOCALIZATION_PREFERS_STRING_CATALOGS = YES;
				MTL_ENABLE_DEBUG_INFO = NO;
				MTL_FAST_MATH = YES;
				SDKROOT = iphoneos;
				STRING_CATALOG_GENERATE_SYMBOLS = YES;
				SWIFT_COMPILATION_MODE = wholemodule;
				VALIDATE_PRODUCT = YES;
			};
			name = Release;
		};
		FD7C57252ED84DD500C7271A /* Debug */ = {
			isa = XCBuildConfiguration;
			buildSettings = {
				ASSETCATALOG_COMPILER_APPICON_NAME = AppIcon;
				ASSETCATALOG_COMPILER_GLOBAL_ACCENT_COLOR_NAME = AccentColor;
				CODE_SIGN_ENTITLEMENTS = Ziola/Ziola.entitlements;
				CODE_SIGN_STYLE = Automatic;
				CURRENT_PROJECT_VERSION = 1;
				DEVELOPMENT_TEAM = Y3S8GX225D;
				ENABLE_PREVIEWS = YES;
				GENERATE_INFOPLIST_FILE = YES;
				INFOPLIST_FILE = Ziola/Info.plist;
				INFOPLIST_KEY_CFBundleDisplayName = Ziora;
				INFOPLIST_KEY_ITSAppUsesNonExemptEncryption = NO;
				INFOPLIST_KEY_LSApplicationCategoryType = "public.app-category.social-networking";
				INFOPLIST_KEY_NSCameraUsageDescription = "写真を撮影して投稿するためにカメラを使用します。";
				INFOPLIST_KEY_NSLocationUsageDescription = "お客様に最適化された広告を表示するために使用します。";
				INFOPLIST_KEY_NSLocationWhenInUseUsageDescription = "現在地周辺の写真を投稿したり、撮影場所を記録するために使用します。";
				INFOPLIST_KEY_NSPhotoLibraryUsageDescription = "ライブラリへ写真を保存するためにアクセスします。";
				INFOPLIST_KEY_UIApplicationSceneManifest_Generation = YES;
				INFOPLIST_KEY_UIApplicationSupportsIndirectInputEvents = YES;
				INFOPLIST_KEY_UILaunchScreen_Generation = YES;
				INFOPLIST_KEY_UISupportedInterfaceOrientations = UIInterfaceOrientationPortrait;
				IPHONEOS_DEPLOYMENT_TARGET = 16.6;
				LD_RUNPATH_SEARCH_PATHS = (
					"$(inherited)",
					"@executable_path/Frameworks",
				);
				MARKETING_VERSION = 1.0.7;
				PRODUCT_BUNDLE_IDENTIFIER = com.akira.ziora;
				PRODUCT_NAME = "$(TARGET_NAME)";
				STRING_CATALOG_GENERATE_SYMBOLS = YES;
				SUPPORTED_PLATFORMS = "iphoneos iphonesimulator";
				SUPPORTS_MACCATALYST = NO;
				SUPPORTS_MAC_DESIGNED_FOR_IPHONE_IPAD = NO;
				SUPPORTS_XR_DESIGNED_FOR_IPHONE_IPAD = NO;
				SWIFT_APPROACHABLE_CONCURRENCY = YES;
				SWIFT_DEFAULT_ACTOR_ISOLATION = MainActor;
				SWIFT_EMIT_LOC_STRINGS = YES;
				SWIFT_UPCOMING_FEATURE_MEMBER_IMPORT_VISIBILITY = YES;
				SWIFT_VERSION = 5.0;
				TARGETED_DEVICE_FAMILY = 1;
			};
			name = Debug;
		};
		FD7C57262ED84DD500C7271A /* Release */ = {
			isa = XCBuildConfiguration;
			buildSettings = {
				ASSETCATALOG_COMPILER_APPICON_NAME = AppIcon;
				ASSETCATALOG_COMPILER_GLOBAL_ACCENT_COLOR_NAME = AccentColor;
				CODE_SIGN_ENTITLEMENTS = Ziola/Ziola.entitlements;
				CODE_SIGN_STYLE = Automatic;
				CURRENT_PROJECT_VERSION = 1;
				DEVELOPMENT_TEAM = Y3S8GX225D;
				ENABLE_PREVIEWS = YES;
				GENERATE_INFOPLIST_FILE = YES;
				INFOPLIST_FILE = Ziola/Info.plist;
				INFOPLIST_KEY_CFBundleDisplayName = Ziora;
				INFOPLIST_KEY_ITSAppUsesNonExemptEncryption = NO;
				INFOPLIST_KEY_LSApplicationCategoryType = "public.app-category.social-networking";
				INFOPLIST_KEY_NSCameraUsageDescription = "写真を撮影して投稿するためにカメラを使用します。";
				INFOPLIST_KEY_NSLocationUsageDescription = "お客様に最適化された広告を表示するために使用します。";
				INFOPLIST_KEY_NSLocationWhenInUseUsageDescription = "現在地周辺の写真を投稿したり、撮影場所を記録するために使用します。";
				INFOPLIST_KEY_NSPhotoLibraryUsageDescription = "ライブラリへ写真を保存するためにアクセスします。";
				INFOPLIST_KEY_UIApplicationSceneManifest_Generation = YES;
				INFOPLIST_KEY_UIApplicationSupportsIndirectInputEvents = YES;
				INFOPLIST_KEY_UILaunchScreen_Generation = YES;
				INFOPLIST_KEY_UISupportedInterfaceOrientations = UIInterfaceOrientationPortrait;
				IPHONEOS_DEPLOYMENT_TARGET = 16.6;
				LD_RUNPATH_SEARCH_PATHS = (
					"$(inherited)",
					"@executable_path/Frameworks",
				);
				MARKETING_VERSION = 1.0.7;
				PRODUCT_BUNDLE_IDENTIFIER = com.akira.ziora;
				PRODUCT_NAME = "$(TARGET_NAME)";
				STRING_CATALOG_GENERATE_SYMBOLS = YES;
				SUPPORTED_PLATFORMS = "iphoneos iphonesimulator";
				SUPPORTS_MACCATALYST = NO;
				SUPPORTS_MAC_DESIGNED_FOR_IPHONE_IPAD = NO;
				SUPPORTS_XR_DESIGNED_FOR_IPHONE_IPAD = NO;
				SWIFT_APPROACHABLE_CONCURRENCY = YES;
				SWIFT_DEFAULT_ACTOR_ISOLATION = MainActor;
				SWIFT_EMIT_LOC_STRINGS = YES;
				SWIFT_UPCOMING_FEATURE_MEMBER_IMPORT_VISIBILITY = YES;
				SWIFT_VERSION = 5.0;
				TARGETED_DEVICE_FAMILY = 1;
			};
			name = Release;
		};
		FD7C57282ED84DD500C7271A /* Debug */ = {
			isa = XCBuildConfiguration;
			buildSettings = {
				BUNDLE_LOADER = "$(TEST_HOST)";
				CODE_SIGN_STYLE = Automatic;
				CURRENT_PROJECT_VERSION = 1;
				DEVELOPMENT_TEAM = Y3S8GX225D;
				GENERATE_INFOPLIST_FILE = YES;
				IPHONEOS_DEPLOYMENT_TARGET = 26.1;
				MARKETING_VERSION = 1.0;
				PRODUCT_BUNDLE_IDENTIFIER = com.akira.ZiolaTests;
				PRODUCT_NAME = "$(TARGET_NAME)";
				STRING_CATALOG_GENERATE_SYMBOLS = NO;
				SWIFT_APPROACHABLE_CONCURRENCY = YES;
				SWIFT_EMIT_LOC_STRINGS = NO;
				SWIFT_UPCOMING_FEATURE_MEMBER_IMPORT_VISIBILITY = YES;
				SWIFT_VERSION = 5.0;
				TARGETED_DEVICE_FAMILY = "1,2";
				TEST_HOST = "$(BUILT_PRODUCTS_DIR)/Ziola.app/$(BUNDLE_EXECUTABLE_FOLDER_PATH)/Ziola";
			};
			name = Debug;
		};
		FD7C57292ED84DD500C7271A /* Release */ = {
			isa = XCBuildConfiguration;
			buildSettings = {
				BUNDLE_LOADER = "$(TEST_HOST)";
				CODE_SIGN_STYLE = Automatic;
				CURRENT_PROJECT_VERSION = 1;
				DEVELOPMENT_TEAM = Y3S8GX225D;
				GENERATE_INFOPLIST_FILE = YES;
				IPHONEOS_DEPLOYMENT_TARGET = 26.1;
				MARKETING_VERSION = 1.0;
				PRODUCT_BUNDLE_IDENTIFIER = com.akira.ZiolaTests;
				PRODUCT_NAME = "$(TARGET_NAME)";
				STRING_CATALOG_GENERATE_SYMBOLS = NO;
				SWIFT_APPROACHABLE_CONCURRENCY = YES;
				SWIFT_EMIT_LOC_STRINGS = NO;
				SWIFT_UPCOMING_FEATURE_MEMBER_IMPORT_VISIBILITY = YES;
				SWIFT_VERSION = 5.0;
				TARGETED_DEVICE_FAMILY = "1,2";
				TEST_HOST = "$(BUILT_PRODUCTS_DIR)/Ziola.app/$(BUNDLE_EXECUTABLE_FOLDER_PATH)/Ziola";
			};
			name = Release;
		};
		FD7C572B2ED84DD500C7271A /* Debug */ = {
			isa = XCBuildConfiguration;
			buildSettings = {
				CODE_SIGN_STYLE = Automatic;
				CURRENT_PROJECT_VERSION = 1;
				DEVELOPMENT_TEAM = Y3S8GX225D;
				GENERATE_INFOPLIST_FILE = YES;
				MARKETING_VERSION = 1.0;
				PRODUCT_BUNDLE_IDENTIFIER = com.akira.ZiolaUITests;
				PRODUCT_NAME = "$(TARGET_NAME)";
				STRING_CATALOG_GENERATE_SYMBOLS = NO;
				SWIFT_APPROACHABLE_CONCURRENCY = YES;
				SWIFT_EMIT_LOC_STRINGS = NO;
				SWIFT_UPCOMING_FEATURE_MEMBER_IMPORT_VISIBILITY = YES;
				SWIFT_VERSION = 5.0;
				TARGETED_DEVICE_FAMILY = "1,2";
				TEST_TARGET_NAME = Ziola;
			};
			name = Debug;
		};
		FD7C572C2ED84DD500C7271A /* Release */ = {
			isa = XCBuildConfiguration;
			buildSettings = {
				CODE_SIGN_STYLE = Automatic;
				CURRENT_PROJECT_VERSION = 1;
				DEVELOPMENT_TEAM = Y3S8GX225D;
				GENERATE_INFOPLIST_FILE = YES;
				MARKETING_VERSION = 1.0;
				PRODUCT_BUNDLE_IDENTIFIER = com.akira.ZiolaUITests;
				PRODUCT_NAME = "$(TARGET_NAME)";
				STRING_CATALOG_GENERATE_SYMBOLS = NO;
				SWIFT_APPROACHABLE_CONCURRENCY = YES;
				SWIFT_EMIT_LOC_STRINGS = NO;
				SWIFT_UPCOMING_FEATURE_MEMBER_IMPORT_VISIBILITY = YES;
				SWIFT_VERSION = 5.0;
				TARGETED_DEVICE_FAMILY = "1,2";
				TEST_TARGET_NAME = Ziola;
			};
			name = Release;
		};
/* End XCBuildConfiguration section */

/* Begin XCConfigurationList section */
		FD7C56FE2ED84DD300C7271A /* Build configuration list for PBXProject "Ziola" */ = {
			isa = XCConfigurationList;
			buildConfigurations = (
				FD7C57222ED84DD500C7271A /* Debug */,
				FD7C57232ED84DD500C7271A /* Release */,
			);
			defaultConfigurationIsVisible = 0;
			defaultConfigurationName = Release;
		};
		FD7C57242ED84DD500C7271A /* Build configuration list for PBXNativeTarget "Ziola" */ = {
			isa = XCConfigurationList;
			buildConfigurations = (
				FD7C57252ED84DD500C7271A /* Debug */,
				FD7C57262ED84DD500C7271A /* Release */,
			);
			defaultConfigurationIsVisible = 0;
			defaultConfigurationName = Release;
		};
		FD7C57272ED84DD500C7271A /* Build configuration list for PBXNativeTarget "ZiolaTests" */ = {
			isa = XCConfigurationList;
			buildConfigurations = (
				FD7C57282ED84DD500C7271A /* Debug */,
				FD7C57292ED84DD500C7271A /* Release */,
			);
			defaultConfigurationIsVisible = 0;
			defaultConfigurationName = Release;
		};
		FD7C572A2ED84DD500C7271A /* Build configuration list for PBXNativeTarget "ZiolaUITests" */ = {
			isa = XCConfigurationList;
			buildConfigurations = (
				FD7C572B2ED84DD500C7271A /* Debug */,
				FD7C572C2ED84DD500C7271A /* Release */,
			);
			defaultConfigurationIsVisible = 0;
			defaultConfigurationName = Release;
		};
/* End XCConfigurationList section */

/* Begin XCRemoteSwiftPackageReference section */
		FD7C574C2ED998E800C7271A /* XCRemoteSwiftPackageReference "firebase-ios-sdk" */ = {
			isa = XCRemoteSwiftPackageReference;
			repositoryURL = "https://github.com/firebase/firebase-ios-sdk";
			requirement = {
				kind = upToNextMajorVersion;
				minimumVersion = 12.6.0;
			};
		};
		FD7C57552ED9992600C7271A /* XCRemoteSwiftPackageReference "GoogleSignIn-iOS" */ = {
			isa = XCRemoteSwiftPackageReference;
			repositoryURL = "https://github.com/google/GoogleSignIn-iOS";
			requirement = {
				kind = upToNextMajorVersion;
				minimumVersion = 9.0.0;
			};
		};
		FD7C785C2F2691EE00A58647 /* XCRemoteSwiftPackageReference "googleads-mobile-ios-mediation-meta" */ = {
			isa = XCRemoteSwiftPackageReference;
			repositoryURL = "https://github.com/googleads/googleads-mobile-ios-mediation-meta";
			requirement = {
				branch = main;
				kind = branch;
			};
		};
		FD7DAF192EDDA40200859385 /* XCRemoteSwiftPackageReference "swift-package-manager-google-mobile-ads" */ = {
			isa = XCRemoteSwiftPackageReference;
			repositoryURL = "https://github.com/googleads/swift-package-manager-google-mobile-ads";
			requirement = {
				kind = upToNextMajorVersion;
				minimumVersion = 12.14.0;
			};
		};
		FD8C6E8B2EF8E22300F207B7 /* XCRemoteSwiftPackageReference "lottie-ios" */ = {
			isa = XCRemoteSwiftPackageReference;
			repositoryURL = "https://github.com/airbnb/lottie-ios.git";
			requirement = {
				kind = upToNextMajorVersion;
				minimumVersion = 4.5.2;
			};
		};
/* End XCRemoteSwiftPackageReference section */

/* Begin XCSwiftPackageProductDependency section */
		FD1358932EE6FF6A00081FB3 /* FirebaseMessaging */ = {
			isa = XCSwiftPackageProductDependency;
			package = FD7C574C2ED998E800C7271A /* XCRemoteSwiftPackageReference "firebase-ios-sdk" */;
			productName = FirebaseMessaging;
		};
		FD7C574D2ED998E800C7271A /* FirebaseAuth */ = {
			isa = XCSwiftPackageProductDependency;
			package = FD7C574C2ED998E800C7271A /* XCRemoteSwiftPackageReference "firebase-ios-sdk" */;
			productName = FirebaseAuth;
		};
		FD7C574F2ED998E800C7271A /* FirebaseCore */ = {
			isa = XCSwiftPackageProductDependency;
			package = FD7C574C2ED998E800C7271A /* XCRemoteSwiftPackageReference "firebase-ios-sdk" */;
			productName = FirebaseCore;
		};
		FD7C57512ED998E800C7271A /* FirebaseDatabase */ = {
			isa = XCSwiftPackageProductDependency;
			package = FD7C574C2ED998E800C7271A /* XCRemoteSwiftPackageReference "firebase-ios-sdk" */;
			productName = FirebaseDatabase;
		};
		FD7C57532ED998E800C7271A /* FirebaseFirestore */ = {
			isa = XCSwiftPackageProductDependency;
			package = FD7C574C2ED998E800C7271A /* XCRemoteSwiftPackageReference "firebase-ios-sdk" */;
			productName = FirebaseFirestore;
		};
		FD7C57562ED9992600C7271A /* GoogleSignIn */ = {
			isa = XCSwiftPackageProductDependency;
			package = FD7C57552ED9992600C7271A /* XCRemoteSwiftPackageReference "GoogleSignIn-iOS" */;
			productName = GoogleSignIn;
		};
		FD7C57582ED9992600C7271A /* GoogleSignInSwift */ = {
			isa = XCSwiftPackageProductDependency;
			package = FD7C57552ED9992600C7271A /* XCRemoteSwiftPackageReference "GoogleSignIn-iOS" */;
			productName = GoogleSignInSwift;
		};
		FD7C575E2ED99FC400C7271A /* FirebaseAnalytics */ = {
			isa = XCSwiftPackageProductDependency;
			package = FD7C574C2ED998E800C7271A /* XCRemoteSwiftPackageReference "firebase-ios-sdk" */;
			productName = FirebaseAnalytics;
		};
		FD7C57862EDAF7E900C7271A /* FirebaseStorage */ = {
			isa = XCSwiftPackageProductDependency;
			package = FD7C574C2ED998E800C7271A /* XCRemoteSwiftPackageReference "firebase-ios-sdk" */;
			productName = FirebaseStorage;
		};
		FD7C785D2F2691EE00A58647 /* MetaAdapterTarget */ = {
			isa = XCSwiftPackageProductDependency;
			package = FD7C785C2F2691EE00A58647 /* XCRemoteSwiftPackageReference "googleads-mobile-ios-mediation-meta" */;
			productName = MetaAdapterTarget;
		};
		FD7DAF1A2EDDA40200859385 /* GoogleMobileAds */ = {
			isa = XCSwiftPackageProductDependency;
			package = FD7DAF192EDDA40200859385 /* XCRemoteSwiftPackageReference "swift-package-manager-google-mobile-ads" */;
			productName = GoogleMobileAds;
		};
		FD8C6E842EF736C800F207B7 /* FirebaseFunctions */ = {
			isa = XCSwiftPackageProductDependency;
			package = FD7C574C2ED998E800C7271A /* XCRemoteSwiftPackageReference "firebase-ios-sdk" */;
			productName = FirebaseFunctions;
		};
		FD8C6E8C2EF8E22300F207B7 /* Lottie */ = {
			isa = XCSwiftPackageProductDependency;
			package = FD8C6E8B2EF8E22300F207B7 /* XCRemoteSwiftPackageReference "lottie-ios" */;
			productName = Lottie;
		};
		FDFACF392EE9AD8900A62410 /* FirebaseAppCheck */ = {
			isa = XCSwiftPackageProductDependency;
			package = FD7C574C2ED998E800C7271A /* XCRemoteSwiftPackageReference "firebase-ios-sdk" */;
			productName = FirebaseAppCheck;
		};
		FDFACF432EEC4CCB00A62410 /* FirebaseRemoteConfig */ = {
			isa = XCSwiftPackageProductDependency;
			package = FD7C574C2ED998E800C7271A /* XCRemoteSwiftPackageReference "firebase-ios-sdk" */;
			productName = FirebaseRemoteConfig;
		};
/* End XCSwiftPackageProductDependency section */
	};
	rootObject = FD7C56FB2ED84DD300C7271A /* Project object */;
}
